// !$*UTF8*$!
{
	archiveVersion = 1;
	classes = {
	};
	objectVersion = 46;
	objects = {

/* Begin PBXBuildFile section */
		DB825D701B6109CF00457AEC /* libsqlite3.dylib in Frameworks */ = {isa = PBXBuildFile; fileRef = DB825D6F1B6109CF00457AEC /* libsqlite3.dylib */; };
		DB825D731B61116B00457AEC /* SearchViewController.m in Sources */ = {isa = PBXBuildFile; fileRef = DB825D721B61116B00457AEC /* SearchViewController.m */; };
		DBC111371B5FA4C00099DC92 /* main.m in Sources */ = {isa = PBXBuildFile; fileRef = DBC111361B5FA4C00099DC92 /* main.m */; };
		DBC1113A1B5FA4C00099DC92 /* AppDelegate.m in Sources */ = {isa = PBXBuildFile; fileRef = DBC111391B5FA4C00099DC92 /* AppDelegate.m */; };
		DBC1113D1B5FA4C00099DC92 /* ViewController.m in Sources */ = {isa = PBXBuildFile; fileRef = DBC1113C1B5FA4C00099DC92 /* ViewController.m */; };
		DBC111401B5FA4C00099DC92 /* Main.storyboard in Resources */ = {isa = PBXBuildFile; fileRef = DBC1113E1B5FA4C00099DC92 /* Main.storyboard */; };
		DBC111421B5FA4C00099DC92 /* Images.xcassets in Resources */ = {isa = PBXBuildFile; fileRef = DBC111411B5FA4C00099DC92 /* Images.xcassets */; };
		DBC111451B5FA4C00099DC92 /* LaunchScreen.xib in Resources */ = {isa = PBXBuildFile; fileRef = DBC111431B5FA4C00099DC92 /* LaunchScreen.xib */; };
		DBC111511B5FA4C00099DC92 /* EmpTests.m in Sources */ = {isa = PBXBuildFile; fileRef = DBC111501B5FA4C00099DC92 /* EmpTests.m */; };
		DBC1115C1B5FA6030099DC92 /* Emp.xcdatamodeld in Sources */ = {isa = PBXBuildFile; fileRef = DBC1115A1B5FA6030099DC92 /* Emp.xcdatamodeld */; };
		DBC1115F1B5FB70B0099DC92 /* AddViewController.m in Sources */ = {isa = PBXBuildFile; fileRef = DBC1115E1B5FB70B0099DC92 /* AddViewController.m */; };
/* End PBXBuildFile section */

/* Begin PBXContainerItemProxy section */
		DBC1114B1B5FA4C00099DC92 /* PBXContainerItemProxy */ = {
			isa = PBXContainerItemProxy;
			containerPortal = DBC111291B5FA4C00099DC92 /* Project object */;
			proxyType = 1;
			remoteGlobalIDString = DBC111301B5FA4C00099DC92;
			remoteInfo = Emp;
		};
/* End PBXContainerItemProxy section */

/* Begin PBXFileReference section */
		DB825D6F1B6109CF00457AEC /* libsqlite3.dylib */ = {isa = PBXFileReference; lastKnownFileType = "compiled.mach-o.dylib"; name = libsqlite3.dylib; path = usr/lib/libsqlite3.dylib; sourceTree = SDKROOT; };
		DB825D711B61116B00457AEC /* SearchViewController.h */ = {isa = PBXFileReference; fileEncoding = 4; lastKnownFileType = sourcecode.c.h; path = SearchViewController.h; sourceTree = "<group>"; };
		DB825D721B61116B00457AEC /* SearchViewController.m */ = {isa = PBXFileReference; fileEncoding = 4; lastKnownFileType = sourcecode.c.objc; path = SearchViewController.m; sourceTree = "<group>"; };
		DBC111311B5FA4C00099DC92 /* Emp.app */ = {isa = PBXFileReference; explicitFileType = wrapper.application; includeInIndex = 0; path = Emp.app; sourceTree = BUILT_PRODUCTS_DIR; };
		DBC111351B5FA4C00099DC92 /* Info.plist */ = {isa = PBXFileReference; lastKnownFileType = text.plist.xml; path = Info.plist; sourceTree = "<group>"; };
		DBC111361B5FA4C00099DC92 /* main.m */ = {isa = PBXFileReference; lastKnownFileType = sourcecode.c.objc; path = main.m; sourceTree = "<group>"; };
		DBC111381B5FA4C00099DC92 /* AppDelegate.h */ = {isa = PBXFileReference; lastKnownFileType = sourcecode.c.h; path = AppDelegate.h; sourceTree = "<group>"; };
		DBC111391B5FA4C00099DC92 /* AppDelegate.m */ = {isa = PBXFileReference; lastKnownFileType = sourcecode.c.objc; path = AppDelegate.m; sourceTree = "<group>"; };
		DBC1113B1B5FA4C00099DC92 /* ViewController.h */ = {isa = PBXFileReference; lastKnownFileType = sourcecode.c.h; path = ViewController.h; sourceTree = "<group>"; };
		DBC1113C1B5FA4C00099DC92 /* ViewController.m */ = {isa = PBXFileReference; lastKnownFileType = sourcecode.c.objc; path = ViewController.m; sourceTree = "<group>"; };
		DBC1113F1B5FA4C00099DC92 /* Base */ = {isa = PBXFileReference; lastKnownFileType = file.storyboard; name = Base; path = Base.lproj/Main.storyboard; sourceTree = "<group>"; };
		DBC111411B5FA4C00099DC92 /* Images.xcassets */ = {isa = PBXFileReference; lastKnownFileType = folder.assetcatalog; path = Images.xcassets; sourceTree = "<group>"; };
		DBC111441B5FA4C00099DC92 /* Base */ = {isa = PBXFileReference; lastKnownFileType = file.xib; name = Base; path = Base.lproj/LaunchScreen.xib; sourceTree = "<group>"; };
		DBC1114A1B5FA4C00099DC92 /* EmpTests.xctest */ = {isa = PBXFileReference; explicitFileType = wrapper.cfbundle; includeInIndex = 0; path = EmpTests.xctest; sourceTree = BUILT_PRODUCTS_DIR; };
		DBC1114F1B5FA4C00099DC92 /* Info.plist */ = {isa = PBXFileReference; lastKnownFileType = text.plist.xml; path = Info.plist; sourceTree = "<group>"; };
		DBC111501B5FA4C00099DC92 /* EmpTests.m */ = {isa = PBXFileReference; lastKnownFileType = sourcecode.c.objc; path = EmpTests.m; sourceTree = "<group>"; };
		DBC1115B1B5FA6030099DC92 /* Emp.xcdatamodel */ = {isa = PBXFileReference; lastKnownFileType = wrapper.xcdatamodel; path = Emp.xcdatamodel; sourceTree = "<group>"; };
		DBC1115D1B5FB70B0099DC92 /* AddViewController.h */ = {isa = PBXFileReference; fileEncoding = 4; lastKnownFileType = sourcecode.c.h; path = AddViewController.h; sourceTree = "<group>"; };
		DBC1115E1B5FB70B0099DC92 /* AddViewController.m */ = {isa = PBXFileReference; fileEncoding = 4; lastKnownFileType = sourcecode.c.objc; path = AddViewController.m; sourceTree = "<group>"; };
/* End PBXFileReference section */

/* Begin PBXFrameworksBuildPhase section */
		DBC1112E1B5FA4C00099DC92 /* Frameworks */ = {
			isa = PBXFrameworksBuildPhase;
			buildActionMask = 2147483647;
			files = (
				DB825D701B6109CF00457AEC /* libsqlite3.dylib in Frameworks */,
			);
			runOnlyForDeploymentPostprocessing = 0;
		};
		DBC111471B5FA4C00099DC92 /* Frameworks */ = {
			isa = PBXFrameworksBuildPhase;
			buildActionMask = 2147483647;
			files = (
			);
			runOnlyForDeploymentPostprocessing = 0;
		};
/* End PBXFrameworksBuildPhase section */

/* Begin PBXGroup section */
		DBC111281B5FA4C00099DC92 = {
			isa = PBXGroup;
			children = (
				DBC111331B5FA4C00099DC92 /* Emp */,
				DBC1114D1B5FA4C00099DC92 /* EmpTests */,
				DBC111321B5FA4C00099DC92 /* Products */,
				DB825D6F1B6109CF00457AEC /* libsqlite3.dylib */,
			);
			sourceTree = "<group>";
		};
		DBC111321B5FA4C00099DC92 /* Products */ = {
			isa = PBXGroup;
			children = (
				DBC111311B5FA4C00099DC92 /* Emp.app */,
				DBC1114A1B5FA4C00099DC92 /* EmpTests.xctest */,
			);
			name = Products;
			sourceTree = "<group>";
		};
		DBC111331B5FA4C00099DC92 /* Emp */ = {
			isa = PBXGroup;
			children = (
				DBC1115A1B5FA6030099DC92 /* Emp.xcdatamodeld */,
				DBC111381B5FA4C00099DC92 /* AppDelegate.h */,
				DBC111391B5FA4C00099DC92 /* AppDelegate.m */,
				DBC1113B1B5FA4C00099DC92 /* ViewController.h */,
				DBC1113C1B5FA4C00099DC92 /* ViewController.m */,
				DBC1113E1B5FA4C00099DC92 /* Main.storyboard */,
				DBC111411B5FA4C00099DC92 /* Images.xcassets */,
				DBC111431B5FA4C00099DC92 /* LaunchScreen.xib */,
				DBC111341B5FA4C00099DC92 /* Supporting Files */,
				DBC1115D1B5FB70B0099DC92 /* AddViewController.h */,
				DBC1115E1B5FB70B0099DC92 /* AddViewController.m */,
				DB825D711B61116B00457AEC /* SearchViewController.h */,
				DB825D721B61116B00457AEC /* SearchViewController.m */,
			);
			path = Emp;
			sourceTree = "<group>";
		};
		DBC111341B5FA4C00099DC92 /* Supporting Files */ = {
			isa = PBXGroup;
			children = (
				DBC111351B5FA4C00099DC92 /* Info.plist */,
				DBC111361B5FA4C00099DC92 /* main.m */,
			);
			name = "Supporting Files";
			sourceTree = "<group>";
		};
		DBC1114D1B5FA4C00099DC92 /* EmpTests */ = {
			isa = PBXGroup;
			children = (
				DBC111501B5FA4C00099DC92 /* EmpTests.m */,
				DBC1114E1B5FA4C00099DC92 /* Supporting Files */,
			);
			path = EmpTests;
			sourceTree = "<group>";
		};
		DBC1114E1B5FA4C00099DC92 /* Supporting Files */ = {
			isa = PBXGroup;
			children = (
				DBC1114F1B5FA4C00099DC92 /* Info.plist */,
			);
			name = "Supporting Files";
			sourceTree = "<group>";
		};
/* End PBXGroup section */

/* Begin PBXNativeTarget section */
		DBC111301B5FA4C00099DC92 /* Emp */ = {
			isa = PBXNativeTarget;
			buildConfigurationList = DBC111541B5FA4C00099DC92 /* Build configuration list for PBXNativeTarget "Emp" */;
			buildPhases = (
				DBC1112D1B5FA4C00099DC92 /* Sources */,
				DBC1112E1B5FA4C00099DC92 /* Frameworks */,
				DBC1112F1B5FA4C00099DC92 /* Resources */,
			);
			buildRules = (
			);
			dependencies = (
			);
			name = Emp;
			productName = Emp;
			productReference = DBC111311B5FA4C00099DC92 /* Emp.app */;
			productType = "com.apple.product-type.application";
		};
		DBC111491B5FA4C00099DC92 /* EmpTests */ = {
			isa = PBXNativeTarget;
			buildConfigurationList = DBC111571B5FA4C00099DC92 /* Build configuration list for PBXNativeTarget "EmpTests" */;
			buildPhases = (
				DBC111461B5FA4C00099DC92 /* Sources */,
				DBC111471B5FA4C00099DC92 /* Frameworks */,
				DBC111481B5FA4C00099DC92 /* Resources */,
			);
			buildRules = (
			);
			dependencies = (
				DBC1114C1B5FA4C00099DC92 /* PBXTargetDependency */,
			);
			name = EmpTests;
			productName = EmpTests;
			productReference = DBC1114A1B5FA4C00099DC92 /* EmpTests.xctest */;
			productType = "com.apple.product-type.bundle.unit-test";
		};
/* End PBXNativeTarget section */

/* Begin PBXProject section */
		DBC111291B5FA4C00099DC92 /* Project object */ = {
			isa = PBXProject;
			attributes = {
				LastUpgradeCheck = 0600;
				ORGANIZATIONNAME = mdtaha.optimus;
				TargetAttributes = {
					DBC111301B5FA4C00099DC92 = {
						CreatedOnToolsVersion = 6.0.1;
					};
					DBC111491B5FA4C00099DC92 = {
						CreatedOnToolsVersion = 6.0.1;
						TestTargetID = DBC111301B5FA4C00099DC92;
					};
				};
			};
			buildConfigurationList = DBC1112C1B5FA4C00099DC92 /* Build configuration list for PBXProject "Emp" */;
			compatibilityVersion = "Xcode 3.2";
			developmentRegion = English;
			hasScannedForEncodings = 0;
			knownRegions = (
				en,
				Base,
			);
			mainGroup = DBC111281B5FA4C00099DC92;
			productRefGroup = DBC111321B5FA4C00099DC92 /* Products */;
			projectDirPath = "";
			projectRoot = "";
			targets = (
				DBC111301B5FA4C00099DC92 /* Emp */,
				DBC111491B5FA4C00099DC92 /* EmpTests */,
			);
		};
/* End PBXProject section */

/* Begin PBXResourcesBuildPhase section */
		DBC1112F1B5FA4C00099DC92 /* Resources */ = {
			isa = PBXResourcesBuildPhase;
			buildActionMask = 2147483647;
			files = (
				DBC111401B5FA4C00099DC92 /* Main.storyboard in Resources */,
				DBC111451B5FA4C00099DC92 /* LaunchScreen.xib in Resources */,
				DBC111421B5FA4C00099DC92 /* Images.xcassets in Resources */,
			);
			runOnlyForDeploymentPostprocessing = 0;
		};
		DBC111481B5FA4C00099DC92 /* Resources */ = {
			isa = PBXResourcesBuildPhase;
			buildActionMask = 2147483647;
			files = (
			);
			runOnlyForDeploymentPostprocessing = 0;
		};
/* End PBXResourcesBuildPhase section */

/* Begin PBXSourcesBuildPhase section */
		DBC1112D1B5FA4C00099DC92 /* Sources */ = {
			isa = PBXSourcesBuildPhase;
			buildActionMask = 2147483647;
			files = (
				DBC1115F1B5FB70B0099DC92 /* AddViewController.m in Sources */,
				DBC1113D1B5FA4C00099DC92 /* ViewController.m in Sources */,
				DBC1113A1B5FA4C00099DC92 /* AppDelegate.m in Sources */,
				DBC1115C1B5FA6030099DC92 /* Emp.xcdatamodeld in Sources */,
				DB825D731B61116B00457AEC /* SearchViewController.m in Sources */,
				DBC111371B5FA4C00099DC92 /* main.m in Sources */,
			);
			runOnlyForDeploymentPostprocessing = 0;
		};
		DBC111461B5FA4C00099DC92 /* Sources */ = {
			isa = PBXSourcesBuildPhase;
			buildActionMask = 2147483647;
			files = (
				DBC111511B5FA4C00099DC92 /* EmpTests.m in Sources */,
			);
			runOnlyForDeploymentPostprocessing = 0;
		};
/* End PBXSourcesBuildPhase section */

/* Begin PBXTargetDependency section */
		DBC1114C1B5FA4C00099DC92 /* PBXTargetDependency */ = {
			isa = PBXTargetDependency;
			target = DBC111301B5FA4C00099DC92 /* Emp */;
			targetProxy = DBC1114B1B5FA4C00099DC92 /* PBXContainerItemProxy */;
		};
/* End PBXTargetDependency section */

/* Begin PBXVariantGroup section */
		DBC1113E1B5FA4C00099DC92 /* Main.storyboard */ = {
			isa = PBXVariantGroup;
			children = (
				DBC1113F1B5FA4C00099DC92 /* Base */,
			);
			name = Main.storyboard;
			sourceTree = "<group>";
		};
		DBC111431B5FA4C00099DC92 /* LaunchScreen.xib */ = {
			isa = PBXVariantGroup;
			children = (
				DBC111441B5FA4C00099DC92 /* Base */,
			);
			name = LaunchScreen.xib;
			sourceTree = "<group>";
		};
/* End PBXVariantGroup section */

/* Begin XCBuildConfiguration section */
		DBC111521B5FA4C00099DC92 /* Debug */ = {
			isa = XCBuildConfiguration;
			buildSettings = {
				ALWAYS_SEARCH_USER_PATHS = NO;
				CLANG_CXX_LANGUAGE_STANDARD = "gnu++0x";
				CLANG_CXX_LIBRARY = "libc++";
				CLANG_ENABLE_MODULES = YES;
				CLANG_ENABLE_OBJC_ARC = YES;
				CLANG_WARN_BOOL_CONVERSION = YES;
				CLANG_WARN_CONSTANT_CONVERSION = YES;
				CLANG_WARN_DIRECT_OBJC_ISA_USAGE = YES_ERROR;
				CLANG_WARN_EMPTY_BODY = YES;
				CLANG_WARN_ENUM_CONVERSION = YES;
				CLANG_WARN_INT_CONVERSION = YES;
				CLANG_WARN_OBJC_ROOT_CLASS = YES_ERROR;
				CLANG_WARN_UNREACHABLE_CODE = YES;
				CLANG_WARN__DUPLICATE_METHOD_MATCH = YES;
				"CODE_SIGN_IDENTITY[sdk=iphoneos*]" = "iPhone Developer";
				COPY_PHASE_STRIP = NO;
				ENABLE_STRICT_OBJC_MSGSEND = YES;
				GCC_C_LANGUAGE_STANDARD = gnu99;
				GCC_DYNAMIC_NO_PIC = NO;
				GCC_OPTIMIZATION_LEVEL = 0;
				GCC_PREPROCESSOR_DEFINITIONS = (
					"DEBUG=1",
					"$(inherited)",
				);
				GCC_SYMBOLS_PRIVATE_EXTERN = NO;
				GCC_WARN_64_TO_32_BIT_CONVERSION = YES;
				GCC_WARN_ABOUT_RETURN_TYPE = YES_ERROR;
				GCC_WARN_UNDECLARED_SELECTOR = YES;
				GCC_WARN_UNINITIALIZED_AUTOS = YES_AGGRESSIVE;
				GCC_WARN_UNUSED_FUNCTION = YES;
				GCC_WARN_UNUSED_VARIABLE = YES;
				IPHONEOS_DEPLOYMENT_TARGET = 8.0;
				MTL_ENABLE_DEBUG_INFO = YES;
				ONLY_ACTIVE_ARCH = YES;
				SDKROOT = iphoneos;
				TARGETED_DEVICE_FAMILY = "1,2";
			};
			name = Debug;
		};
		DBC111531B5FA4C00099DC92 /* Release */ = {
			isa = XCBuildConfiguration;
			buildSettings = {
				ALWAYS_SEARCH_USER_PATHS = NO;
				CLANG_CXX_LANGUAGE_STANDARD = "gnu++0x";
				CLANG_CXX_LIBRARY = "libc++";
				CLANG_ENABLE_MODULES = YES;
				CLANG_ENABLE_OBJC_ARC = YES;
				CLANG_WARN_BOOL_CONVERSION = YES;
				CLANG_WARN_CONSTANT_CONVERSION = YES;
				CLANG_WARN_DIRECT_OBJC_ISA_USAGE = YES_ERROR;
				CLANG_WARN_EMPTY_BODY = YES;
				CLANG_WARN_ENUM_CONVERSION = YES;
				CLANG_WARN_INT_CONVERSION = YES;
				CLANG_WARN_OBJC_ROOT_CLASS = YES_ERROR;
				CLANG_WARN_UNREACHABLE_CODE = YES;
				CLANG_WARN__DUPLICATE_METHOD_MATCH = YES;
				"CODE_SIGN_IDENTITY[sdk=iphoneos*]" = "iPhone Developer";
				COPY_PHASE_STRIP = YES;
				ENABLE_NS_ASSERTIONS = NO;
				ENABLE_STRICT_OBJC_MSGSEND = YES;
				GCC_C_LANGUAGE_STANDARD = gnu99;
				GCC_WARN_64_TO_32_BIT_CONVERSION = YES;
				GCC_WARN_ABOUT_RETURN_TYPE = YES_ERROR;
				GCC_WARN_UNDECLARED_SELECTOR = YES;
				GCC_WARN_UNINITIALIZED_AUTOS = YES_AGGRESSIVE;
				GCC_WARN_UNUSED_FUNCTION = YES;
				GCC_WARN_UNUSED_VARIABLE = YES;
				IPHONEOS_DEPLOYMENT_TARGET = 8.0;
				MTL_ENABLE_DEBUG_INFO = NO;
				SDKROOT = iphoneos;
				TARGETED_DEVICE_FAMILY = "1,2";
				VALIDATE_PRODUCT = YES;
			};
			name = Release;
		};
		DBC111551B5FA4C00099DC92 /* Debug */ = {
			isa = XCBuildConfiguration;
			buildSettings = {
				ASSETCATALOG_COMPILER_APPICON_NAME = AppIcon;
				INFOPLIST_FILE = Emp/Info.plist;
				LD_RUNPATH_SEARCH_PATHS = "$(inherited) @executable_path/Frameworks";
				PRODUCT_NAME = "$(TARGET_NAME)";
			};
			name = Debug;
		};
		DBC111561B5FA4C00099DC92 /* Release */ = {
			isa = XCBuildConfiguration;
			buildSettings = {
				ASSETCATALOG_COMPILER_APPICON_NAME = AppIcon;
				INFOPLIST_FILE = Emp/Info.plist;
				LD_RUNPATH_SEARCH_PATHS = "$(inherited) @executable_path/Frameworks";
				PRODUCT_NAME = "$(TARGET_NAME)";
			};
			name = Release;
		};
		DBC111581B5FA4C00099DC92 /* Debug */ = {
			isa = XCBuildConfiguration;
			buildSettings = {
				BUNDLE_LOADER = "$(TEST_HOST)";
				FRAMEWORK_SEARCH_PATHS = (
					"$(SDKROOT)/Developer/Library/Frameworks",
					"$(inherited)",
				);
				GCC_PREPROCESSOR_DEFINITIONS = (
					"DEBUG=1",
					"$(inherited)",
				);
				INFOPLIST_FILE = EmpTests/Info.plist;
				LD_RUNPATH_SEARCH_PATHS = "$(inherited) @executable_path/Frameworks @loader_path/Frameworks";
				PRODUCT_NAME = "$(TARGET_NAME)";
				TEST_HOST = "$(BUILT_PRODUCTS_DIR)/Emp.app/Emp";
			};
			name = Debug;
		};
		DBC111591B5FA4C00099DC92 /* Release */ = {
			isa = XCBuildConfiguration;
			buildSettings = {
				BUNDLE_LOADER = "$(TEST_HOST)";
				FRAMEWORK_SEARCH_PATHS = (
					"$(SDKROOT)/Developer/Library/Frameworks",
					"$(inherited)",
				);
				INFOPLIST_FILE = EmpTests/Info.plist;
				LD_RUNPATH_SEARCH_PATHS = "$(inherited) @executable_path/Frameworks @loader_path/Frameworks";
				PRODUCT_NAME = "$(TARGET_NAME)";
				TEST_HOST = "$(BUILT_PRODUCTS_DIR)/Emp.app/Emp";
			};
			name = Release;
		};
/* End XCBuildConfiguration section */

/* Begin XCConfigurationList section */
		DBC1112C1B5FA4C00099DC92 /* Build configuration list for PBXProject "Emp" */ = {
			isa = XCConfigurationList;
			buildConfigurations = (
				DBC111521B5FA4C00099DC92 /* Debug */,
				DBC111531B5FA4C00099DC92 /* Release */,
			);
			defaultConfigurationIsVisible = 0;
			defaultConfigurationName = Release;
		};
		DBC111541B5FA4C00099DC92 /* Build configuration list for PBXNativeTarget "Emp" */ = {
			isa = XCConfigurationList;
			buildConfigurations = (
				DBC111551B5FA4C00099DC92 /* Debug */,
				DBC111561B5FA4C00099DC92 /* Release */,
			);
			defaultConfigurationIsVisible = 0;
			defaultConfigurationName = Release;
		};
		DBC111571B5FA4C00099DC92 /* Build configuration list for PBXNativeTarget "EmpTests" */ = {
			isa = XCConfigurationList;
			buildConfigurations = (
				DBC111581B5FA4C00099DC92 /* Debug */,
				DBC111591B5FA4C00099DC92 /* Release */,
			);
			defaultConfigurationIsVisible = 0;
			defaultConfigurationName = Release;
		};
/* End XCConfigurationList section */

/* Begin XCVersionGroup section */
		DBC1115A1B5FA6030099DC92 /* Emp.xcdatamodeld */ = {
			isa = XCVersionGroup;
			children = (
				DBC1115B1B5FA6030099DC92 /* Emp.xcdatamodel */,
			);
			currentVersion = DBC1115B1B5FA6030099DC92 /* Emp.xcdatamodel */;
			path = Emp.xcdatamodeld;
			sourceTree = "<group>";
			versionGroupType = wrapper.xcdatamodel;
		};
/* End XCVersionGroup section */
	};
	rootObject = DBC111291B5FA4C00099DC92 /* Project object */;
}
